
Microsoft Visual Studio Solution File, Format Version 12.00
# Visual Studio Version 17
VisualStudioVersion = 17.10.35027.167
MinimumVisualStudioVersion = 10.0.40219.1
Project("{FAE04EC0-301F-11D3-BF4B-00C04F79EFBC}") = "Patikaflix", "Patikaflix\Patikaflix.csproj", "{06BAA6BA-ED2D-4D24-AAF1-0A9A90A2ECED}"
EndProject
Global
	GlobalSection(SolutionConfigurationPlatforms) = preSolution
		Debug|Any CPU = Debug|Any CPU
		Release|Any CPU = Release|Any CPU
	EndGlobalSection
	GlobalSection(ProjectConfigurationPlatforms) = postSolution
		{06BAA6BA-ED2D-4D24-AAF1-0A9A90A2ECED}.Debug|Any CPU.ActiveCfg = Debug|Any CPU
		{06BAA6BA-ED2D-4D24-AAF1-0A9A90A2ECED}.Debug|Any CPU.Build.0 = Debug|Any CPU
		{06BAA6BA-ED2D-4D24-AAF1-0A9A90A2ECED}.Release|Any CPU.ActiveCfg = Release|Any CPU
		{06BAA6BA-ED2D-4D24-AAF1-0A9A90A2ECED}.Release|Any CPU.Build.0 = Release|Any CPU
	EndGlobalSection
	GlobalSection(SolutionProperties) = preSolution
		HideSolutionNode = FALSE
	EndGlobalSection
	GlobalSection(ExtensibilityGlobals) = postSolution
		SolutionGuid = {7C7FAA1B-53C9-4300-B578-495588606BD1}
	EndGlobalSection
EndGlobal
